
Microsoft Visual Studio Solution File, Format Version 12.00
# Visual Studio Version 16
VisualStudioVersion = 16.0.28917.181
MinimumVisualStudioVersion = 10.0.40219.1
Project("{FAE04EC0-301F-11D3-BF4B-00C04F79EFBC}") = "SuperheroCreator", "SuperheroCreator\SuperheroCreator.csproj", "{121FBC86-505D-4B00-8B4F-7E9AD0120B78}"
EndProject
Global
	GlobalSection(SolutionConfigurationPlatforms) = preSolution
		Debug|Any CPU = Debug|Any CPU
		Release|Any CPU = Release|Any CPU
	EndGlobalSection
	GlobalSection(ProjectConfigurationPlatforms) = postSolution
		{121FBC86-505D-4B00-8B4F-7E9AD0120B78}.Debug|Any CPU.ActiveCfg = Debug|Any CPU
		{121FBC86-505D-4B00-8B4F-7E9AD0120B78}.Debug|Any CPU.Build.0 = Debug|Any CPU
		{121FBC86-505D-4B00-8B4F-7E9AD0120B78}.Release|Any CPU.ActiveCfg = Release|Any CPU
		{121FBC86-505D-4B00-8B4F-7E9AD0120B78}.Release|Any CPU.Build.0 = Release|Any CPU
	EndGlobalSection
	GlobalSection(SolutionProperties) = preSolution
		HideSolutionNode = FALSE
	EndGlobalSection
	GlobalSection(ExtensibilityGlobals) = postSolution
		SolutionGuid = {7A020688-494E-4C2E-B59F-BF43954EDB32}
	EndGlobalSection
EndGlobal
